
Microsoft Visual Studio Solution File, Format Version 12.00
# Visual Studio 15
VisualStudioVersion = 15.0.26430.4
MinimumVisualStudioVersion = 10.0.40219.1
Project("{FAE04EC0-301F-11D3-BF4B-00C04F79EFBC}") = "EntityFramework.ObjectFilters", "EntityFramework.ObjectFilters\EntityFramework.ObjectFilters.csproj", "{42B42318-E86D-4B2A-9AC9-F4ECA69F4F54}"
EndProject
Project("{FAE04EC0-301F-11D3-BF4B-00C04F79EFBC}") = "EntityFramework.ObjectFilters.Test", "EntityFramework.ObjectFilters.Test\EntityFramework.ObjectFilters.Test.csproj", "{E80288A6-879A-4488-A3CB-A5B506F2C975}"
EndProject
Global
	GlobalSection(SolutionConfigurationPlatforms) = preSolution
		Debug|Any CPU = Debug|Any CPU
		Release|Any CPU = Release|Any CPU
	EndGlobalSection
	GlobalSection(ProjectConfigurationPlatforms) = postSolution
		{42B42318-E86D-4B2A-9AC9-F4ECA69F4F54}.Debug|Any CPU.ActiveCfg = Debug|Any CPU
		{42B42318-E86D-4B2A-9AC9-F4ECA69F4F54}.Debug|Any CPU.Build.0 = Debug|Any CPU
		{42B42318-E86D-4B2A-9AC9-F4ECA69F4F54}.Release|Any CPU.ActiveCfg = Release|Any CPU
		{42B42318-E86D-4B2A-9AC9-F4ECA69F4F54}.Release|Any CPU.Build.0 = Release|Any CPU
		{E80288A6-879A-4488-A3CB-A5B506F2C975}.Debug|Any CPU.ActiveCfg = Debug|Any CPU
		{E80288A6-879A-4488-A3CB-A5B506F2C975}.Debug|Any CPU.Build.0 = Debug|Any CPU
		{E80288A6-879A-4488-A3CB-A5B506F2C975}.Release|Any CPU.ActiveCfg = Release|Any CPU
		{E80288A6-879A-4488-A3CB-A5B506F2C975}.Release|Any CPU.Build.0 = Release|Any CPU
	EndGlobalSection
	GlobalSection(SolutionProperties) = preSolution
		HideSolutionNode = FALSE
	EndGlobalSection
EndGlobal
